
Microsoft Visual Studio Solution File, Format Version 12.00
# Visual Studio Version 17
VisualStudioVersion = 17.3.32819.101
MinimumVisualStudioVersion = 10.0.40219.1
Project("{FAE04EC0-301F-11D3-BF4B-00C04F79EFBC}") = "32-Kronometre1", "32-Kronometre1\32-Kronometre1.csproj", "{CFA803E0-8914-4858-9FC4-A75D1CB50EDA}"
EndProject
Global
	GlobalSection(SolutionConfigurationPlatforms) = preSolution
		Debug|Any CPU = Debug|Any CPU
		Release|Any CPU = Release|Any CPU
	EndGlobalSection
	GlobalSection(ProjectConfigurationPlatforms) = postSolution
		{CFA803E0-8914-4858-9FC4-A75D1CB50EDA}.Debug|Any CPU.ActiveCfg = Debug|Any CPU
		{CFA803E0-8914-4858-9FC4-A75D1CB50EDA}.Debug|Any CPU.Build.0 = Debug|Any CPU
		{CFA803E0-8914-4858-9FC4-A75D1CB50EDA}.Release|Any CPU.ActiveCfg = Release|Any CPU
		{CFA803E0-8914-4858-9FC4-A75D1CB50EDA}.Release|Any CPU.Build.0 = Release|Any CPU
	EndGlobalSection
	GlobalSection(SolutionProperties) = preSolution
		HideSolutionNode = FALSE
	EndGlobalSection
	GlobalSection(ExtensibilityGlobals) = postSolution
		SolutionGuid = {F842A8BF-D701-4DD9-A448-B143A5E21BFB}
	EndGlobalSection
EndGlobal
